
Microsoft Visual Studio Solution File, Format Version 11.00
# Visual Studio 2010
Project("{FAE04EC0-301F-11D3-BF4B-00C04F79EFBC}") = "Assembly-CSharp", "Assembly-CSharp.csproj", "{FCA6F3AA-1372-44CD-35A7-75100FAB8728}"
EndProject
Project("{FAE04EC0-301F-11D3-BF4B-00C04F79EFBC}") = "Assembly-CSharp-Editor", "Assembly-CSharp-Editor.csproj", "{DB1D9BCB-0077-54AC-F5C8-E0DE3BFA0E71}"
EndProject
Global
	GlobalSection(SolutionConfigurationPlatforms) = preSolution
		Debug|Any CPU = Debug|Any CPU
		Release|Any CPU = Release|Any CPU
	EndGlobalSection
	GlobalSection(ProjectConfigurationPlatforms) = postSolution
		{FCA6F3AA-1372-44CD-35A7-75100FAB8728}.Debug|Any CPU.ActiveCfg = Debug|Any CPU
		{FCA6F3AA-1372-44CD-35A7-75100FAB8728}.Debug|Any CPU.Build.0 = Debug|Any CPU
		{FCA6F3AA-1372-44CD-35A7-75100FAB8728}.Release|Any CPU.ActiveCfg = Release|Any CPU
		{FCA6F3AA-1372-44CD-35A7-75100FAB8728}.Release|Any CPU.Build.0 = Release|Any CPU
		{DB1D9BCB-0077-54AC-F5C8-E0DE3BFA0E71}.Debug|Any CPU.ActiveCfg = Debug|Any CPU
		{DB1D9BCB-0077-54AC-F5C8-E0DE3BFA0E71}.Debug|Any CPU.Build.0 = Debug|Any CPU
		{DB1D9BCB-0077-54AC-F5C8-E0DE3BFA0E71}.Release|Any CPU.ActiveCfg = Release|Any CPU
		{DB1D9BCB-0077-54AC-F5C8-E0DE3BFA0E71}.Release|Any CPU.Build.0 = Release|Any CPU
	EndGlobalSection
	GlobalSection(SolutionProperties) = preSolution
		HideSolutionNode = FALSE
	EndGlobalSection
EndGlobal
